// !$*UTF8*$!
{
	archiveVersion = 1;
	classes = {
	};
	objectVersion = 46;
	objects = {

/* Begin PBXBuildFile section */
		1CD395DF1D6A97DC001CA85D /* Assets.xcassets in Resources */ = {isa = PBXBuildFile; fileRef = 1CD395DE1D6A97DC001CA85D /* Assets.xcassets */; };
		1CD395ED1D6A97DC001CA85D /* MyWeiboJingXuanTests.m in Sources */ = {isa = PBXBuildFile; fileRef = 1CD395EC1D6A97DC001CA85D /* MyWeiboJingXuanTests.m */; };
		1CD395F81D6A97DC001CA85D /* MyWeiboJingXuanUITests.m in Sources */ = {isa = PBXBuildFile; fileRef = 1CD395F71D6A97DC001CA85D /* MyWeiboJingXuanUITests.m */; };
		1CD396291D6A9AC0001CA85D /* AppDelegate.m in Sources */ = {isa = PBXBuildFile; fileRef = 1CD396081D6A9AC0001CA85D /* AppDelegate.m */; };
		1CD3962A1D6A9AC0001CA85D /* main.m in Sources */ = {isa = PBXBuildFile; fileRef = 1CD3960F1D6A9AC0001CA85D /* main.m */; };
		8869953BE5B68E7D5A6F2194 /* libPods-MyWeiboJingXuan.a in Frameworks */ = {isa = PBXBuildFile; fileRef = 09116F71ED4491A0CC054CC9 /* libPods-MyWeiboJingXuan.a */; };
/* End PBXBuildFile section */

/* Begin PBXContainerItemProxy section */
		1CD395E91D6A97DC001CA85D /* PBXContainerItemProxy */ = {
			isa = PBXContainerItemProxy;
			containerPortal = 1CD395C71D6A97DB001CA85D /* Project object */;
			proxyType = 1;
			remoteGlobalIDString = 1CD395CE1D6A97DB001CA85D;
			remoteInfo = MyWeiboJingXuan;
		};
		1CD395F41D6A97DC001CA85D /* PBXContainerItemProxy */ = {
			isa = PBXContainerItemProxy;
			containerPortal = 1CD395C71D6A97DB001CA85D /* Project object */;
			proxyType = 1;
			remoteGlobalIDString = 1CD395CE1D6A97DB001CA85D;
			remoteInfo = MyWeiboJingXuan;
		};
/* End PBXContainerItemProxy section */

/* Begin PBXFileReference section */
		09116F71ED4491A0CC054CC9 /* libPods-MyWeiboJingXuan.a */ = {isa = PBXFileReference; explicitFileType = archive.ar; includeInIndex = 0; path = "libPods-MyWeiboJingXuan.a"; sourceTree = BUILT_PRODUCTS_DIR; };
		1CD395CF1D6A97DB001CA85D /* MyWeiboJingXuan.app */ = {isa = PBXFileReference; explicitFileType = wrapper.application; includeInIndex = 0; path = MyWeiboJingXuan.app; sourceTree = BUILT_PRODUCTS_DIR; };
		1CD395DE1D6A97DC001CA85D /* Assets.xcassets */ = {isa = PBXFileReference; lastKnownFileType = folder.assetcatalog; path = Assets.xcassets; sourceTree = "<group>"; };
		1CD395E31D6A97DC001CA85D /* Info.plist */ = {isa = PBXFileReference; lastKnownFileType = text.plist.xml; path = Info.plist; sourceTree = "<group>"; };
		1CD395E81D6A97DC001CA85D /* MyWeiboJingXuanTests.xctest */ = {isa = PBXFileReference; explicitFileType = wrapper.cfbundle; includeInIndex = 0; path = MyWeiboJingXuanTests.xctest; sourceTree = BUILT_PRODUCTS_DIR; };
		1CD395EC1D6A97DC001CA85D /* MyWeiboJingXuanTests.m */ = {isa = PBXFileReference; lastKnownFileType = sourcecode.c.objc; path = MyWeiboJingXuanTests.m; sourceTree = "<group>"; };
		1CD395EE1D6A97DC001CA85D /* Info.plist */ = {isa = PBXFileReference; lastKnownFileType = text.plist.xml; path = Info.plist; sourceTree = "<group>"; };
		1CD395F31D6A97DC001CA85D /* MyWeiboJingXuanUITests.xctest */ = {isa = PBXFileReference; explicitFileType = wrapper.cfbundle; includeInIndex = 0; path = MyWeiboJingXuanUITests.xctest; sourceTree = BUILT_PRODUCTS_DIR; };
		1CD395F71D6A97DC001CA85D /* MyWeiboJingXuanUITests.m */ = {isa = PBXFileReference; lastKnownFileType = sourcecode.c.objc; path = MyWeiboJingXuanUITests.m; sourceTree = "<group>"; };
		1CD395F91D6A97DC001CA85D /* Info.plist */ = {isa = PBXFileReference; lastKnownFileType = text.plist.xml; path = Info.plist; sourceTree = "<group>"; };
		1CD396071D6A9AC0001CA85D /* AppDelegate.h */ = {isa = PBXFileReference; fileEncoding = 4; lastKnownFileType = sourcecode.c.h; path = AppDelegate.h; sourceTree = "<group>"; };
		1CD396081D6A9AC0001CA85D /* AppDelegate.m */ = {isa = PBXFileReference; fileEncoding = 4; lastKnownFileType = sourcecode.c.objc; path = AppDelegate.m; sourceTree = "<group>"; };
		1CD3960F1D6A9AC0001CA85D /* main.m */ = {isa = PBXFileReference; fileEncoding = 4; lastKnownFileType = sourcecode.c.objc; path = main.m; sourceTree = "<group>"; };
		4A708664E684576AA6816641 /* Pods-MyWeiboJingXuan.release.xcconfig */ = {isa = PBXFileReference; includeInIndex = 1; lastKnownFileType = text.xcconfig; name = "Pods-MyWeiboJingXuan.release.xcconfig"; path = "Pods/Target Support Files/Pods-MyWeiboJingXuan/Pods-MyWeiboJingXuan.release.xcconfig"; sourceTree = "<group>"; };
		FF1CBAE2FC1719DF957EE960 /* Pods-MyWeiboJingXuan.debug.xcconfig */ = {isa = PBXFileReference; includeInIndex = 1; lastKnownFileType = text.xcconfig; name = "Pods-MyWeiboJingXuan.debug.xcconfig"; path = "Pods/Target Support Files/Pods-MyWeiboJingXuan/Pods-MyWeiboJingXuan.debug.xcconfig"; sourceTree = "<group>"; };
/* End PBXFileReference section */

/* Begin PBXFrameworksBuildPhase section */
		1CD395CC1D6A97DB001CA85D /* Frameworks */ = {
			isa = PBXFrameworksBuildPhase;
			buildActionMask = 2147483647;
			files = (
				8869953BE5B68E7D5A6F2194 /* libPods-MyWeiboJingXuan.a in Frameworks */,
			);
			runOnlyForDeploymentPostprocessing = 0;
		};
		1CD395E51D6A97DC001CA85D /* Frameworks */ = {
			isa = PBXFrameworksBuildPhase;
			buildActionMask = 2147483647;
			files = (
			);
			runOnlyForDeploymentPostprocessing = 0;
		};
		1CD395F01D6A97DC001CA85D /* Frameworks */ = {
			isa = PBXFrameworksBuildPhase;
			buildActionMask = 2147483647;
			files = (
			);
			runOnlyForDeploymentPostprocessing = 0;
		};
/* End PBXFrameworksBuildPhase section */

/* Begin PBXGroup section */
		1CD395C61D6A97DB001CA85D = {
			isa = PBXGroup;
			children = (
				1CD395D11D6A97DC001CA85D /* MyWeiboJingXuan */,
				1CD395EB1D6A97DC001CA85D /* MyWeiboJingXuanTests */,
				1CD395F61D6A97DC001CA85D /* MyWeiboJingXuanUITests */,
				1CD395D01D6A97DB001CA85D /* Products */,
				805832CF4FFC47D25E1A1080 /* Pods */,
				F074C43E100CA8EAD5DBCFEE /* Frameworks */,
			);
			sourceTree = "<group>";
		};
		1CD395D01D6A97DB001CA85D /* Products */ = {
			isa = PBXGroup;
			children = (
				1CD395CF1D6A97DB001CA85D /* MyWeiboJingXuan.app */,
				1CD395E81D6A97DC001CA85D /* MyWeiboJingXuanTests.xctest */,
				1CD395F31D6A97DC001CA85D /* MyWeiboJingXuanUITests.xctest */,
			);
			name = Products;
			sourceTree = "<group>";
		};
		1CD395D11D6A97DC001CA85D /* MyWeiboJingXuan */ = {
			isa = PBXGroup;
			children = (
				1CD396051D6A9AC0001CA85D /* Classes */,
				1CD395D21D6A97DC001CA85D /* Supporting Files */,
			);
			path = MyWeiboJingXuan;
			sourceTree = "<group>";
		};
		1CD395D21D6A97DC001CA85D /* Supporting Files */ = {
			isa = PBXGroup;
			children = (
				1CD395E31D6A97DC001CA85D /* Info.plist */,
				1CD395DE1D6A97DC001CA85D /* Assets.xcassets */,
			);
			name = "Supporting Files";
			sourceTree = "<group>";
		};
		1CD395EB1D6A97DC001CA85D /* MyWeiboJingXuanTests */ = {
			isa = PBXGroup;
			children = (
				1CD395EC1D6A97DC001CA85D /* MyWeiboJingXuanTests.m */,
				1CD395EE1D6A97DC001CA85D /* Info.plist */,
			);
			path = MyWeiboJingXuanTests;
			sourceTree = "<group>";
		};
		1CD395F61D6A97DC001CA85D /* MyWeiboJingXuanUITests */ = {
			isa = PBXGroup;
			children = (
				1CD395F71D6A97DC001CA85D /* MyWeiboJingXuanUITests.m */,
				1CD395F91D6A97DC001CA85D /* Info.plist */,
			);
			path = MyWeiboJingXuanUITests;
			sourceTree = "<group>";
		};
		1CD396051D6A9AC0001CA85D /* Classes */ = {
			isa = PBXGroup;
			children = (
				1CD396101D6A9AC0001CA85D /* Section */,
				1CD396061D6A9AC0001CA85D /* Appdelegate */,
				1CD396091D6A9AC0001CA85D /* Category */,
				1CD3960A1D6A9AC0001CA85D /* Lib */,
				1CD3960B1D6A9AC0001CA85D /* Main */,
				1CD3960E1D6A9AC0001CA85D /* Other */,
			);
			path = Classes;
			sourceTree = "<group>";
		};
		1CD396061D6A9AC0001CA85D /* Appdelegate */ = {
			isa = PBXGroup;
			children = (
				1CD396071D6A9AC0001CA85D /* AppDelegate.h */,
				1CD396081D6A9AC0001CA85D /* AppDelegate.m */,
			);
			path = Appdelegate;
			sourceTree = "<group>";
		};
		1CD396091D6A9AC0001CA85D /* Category */ = {
			isa = PBXGroup;
			children = (
			);
			path = Category;
			sourceTree = "<group>";
		};
		1CD3960A1D6A9AC0001CA85D /* Lib */ = {
			isa = PBXGroup;
			children = (
			);
			path = Lib;
			sourceTree = "<group>";
		};
		1CD3960B1D6A9AC0001CA85D /* Main */ = {
			isa = PBXGroup;
			children = (
				1CD3960C1D6A9AC0001CA85D /* Controller */,
				1CD3960D1D6A9AC0001CA85D /* View */,
			);
			path = Main;
			sourceTree = "<group>";
		};
		1CD3960C1D6A9AC0001CA85D /* Controller */ = {
			isa = PBXGroup;
			children = (
			);
			path = Controller;
			sourceTree = "<group>";
		};
		1CD3960D1D6A9AC0001CA85D /* View */ = {
			isa = PBXGroup;
			children = (
			);
			path = View;
			sourceTree = "<group>";
		};
		1CD3960E1D6A9AC0001CA85D /* Other */ = {
			isa = PBXGroup;
			children = (
				1CD3960F1D6A9AC0001CA85D /* main.m */,
			);
			path = Other;
			sourceTree = "<group>";
		};
		1CD396101D6A9AC0001CA85D /* Section */ = {
			isa = PBXGroup;
			children = (
				1CD396111D6A9AC0001CA85D /* Advertisement(广告) */,
				1CD396151D6A9AC0001CA85D /* Comment(评论) */,
				1CD396191D6A9AC0001CA85D /* Essence(精华) */,
				1CD396251D6A9AC0001CA85D /* New(新帖) */,
				1CD3961D1D6A9AC0001CA85D /* FriendTrends(关注) */,
				1CD396211D6A9AC0001CA85D /* Mine(我的) */,
			);
			path = Section;
			sourceTree = "<group>";
		};
		1CD396111D6A9AC0001CA85D /* Advertisement(广告) */ = {
			isa = PBXGroup;
			children = (
				1CD396121D6A9AC0001CA85D /* Controller */,
				1CD396131D6A9AC0001CA85D /* Model */,
				1CD396141D6A9AC0001CA85D /* View */,
			);
			path = "Advertisement(广告)";
			sourceTree = "<group>";
		};
		1CD396121D6A9AC0001CA85D /* Controller */ = {
			isa = PBXGroup;
			children = (
			);
			path = Controller;
			sourceTree = "<group>";
		};
		1CD396131D6A9AC0001CA85D /* Model */ = {
			isa = PBXGroup;
			children = (
			);
			path = Model;
			sourceTree = "<group>";
		};
		1CD396141D6A9AC0001CA85D /* View */ = {
			isa = PBXGroup;
			children = (
			);
			path = View;
			sourceTree = "<group>";
		};
		1CD396151D6A9AC0001CA85D /* Comment(评论) */ = {
			isa = PBXGroup;
			children = (
				1CD396161D6A9AC0001CA85D /* Controller */,
				1CD396171D6A9AC0001CA85D /* Model */,
				1CD396181D6A9AC0001CA85D /* View */,
			);
			path = "Comment(评论)";
			sourceTree = "<group>";
		};
		1CD396161D6A9AC0001CA85D /* Controller */ = {
			isa = PBXGroup;
			children = (
			);
			path = Controller;
			sourceTree = "<group>";
		};
		1CD396171D6A9AC0001CA85D /* Model */ = {
			isa = PBXGroup;
			children = (
			);
			path = Model;
			sourceTree = "<group>";
		};
		1CD396181D6A9AC0001CA85D /* View */ = {
			isa = PBXGroup;
			children = (
			);
			path = View;
			sourceTree = "<group>";
		};
		1CD396191D6A9AC0001CA85D /* Essence(精华) */ = {
			isa = PBXGroup;
			children = (
				1CD3961A1D6A9AC0001CA85D /* Controller */,
				1CD3961B1D6A9AC0001CA85D /* Model */,
				1CD3961C1D6A9AC0001CA85D /* View */,
			);
			path = "Essence(精华)";
			sourceTree = "<group>";
		};
		1CD3961A1D6A9AC0001CA85D /* Controller */ = {
			isa = PBXGroup;
			children = (
			);
			path = Controller;
			sourceTree = "<group>";
		};
		1CD3961B1D6A9AC0001CA85D /* Model */ = {
			isa = PBXGroup;
			children = (
			);
			path = Model;
			sourceTree = "<group>";
		};
		1CD3961C1D6A9AC0001CA85D /* View */ = {
			isa = PBXGroup;
			children = (
			);
			path = View;
			sourceTree = "<group>";
		};
		1CD3961D1D6A9AC0001CA85D /* FriendTrends(关注) */ = {
			isa = PBXGroup;
			children = (
				1CD3961E1D6A9AC0001CA85D /* Controller */,
				1CD3961F1D6A9AC0001CA85D /* Model */,
				1CD396201D6A9AC0001CA85D /* View */,
			);
			path = "FriendTrends(关注)";
			sourceTree = "<group>";
		};
		1CD3961E1D6A9AC0001CA85D /* Controller */ = {
			isa = PBXGroup;
			children = (
			);
			path = Controller;
			sourceTree = "<group>";
		};
		1CD3961F1D6A9AC0001CA85D /* Model */ = {
			isa = PBXGroup;
			children = (
			);
			path = Model;
			sourceTree = "<group>";
		};
		1CD396201D6A9AC0001CA85D /* View */ = {
			isa = PBXGroup;
			children = (
			);
			path = View;
			sourceTree = "<group>";
		};
		1CD396211D6A9AC0001CA85D /* Mine(我的) */ = {
			isa = PBXGroup;
			children = (
				1CD396221D6A9AC0001CA85D /* Controller */,
				1CD396231D6A9AC0001CA85D /* Model */,
				1CD396241D6A9AC0001CA85D /* View */,
			);
			path = "Mine(我的)";
			sourceTree = "<group>";
		};
		1CD396221D6A9AC0001CA85D /* Controller */ = {
			isa = PBXGroup;
			children = (
			);
			path = Controller;
			sourceTree = "<group>";
		};
		1CD396231D6A9AC0001CA85D /* Model */ = {
			isa = PBXGroup;
			children = (
			);
			path = Model;
			sourceTree = "<group>";
		};
		1CD396241D6A9AC0001CA85D /* View */ = {
			isa = PBXGroup;
			children = (
			);
			path = View;
			sourceTree = "<group>";
		};
		1CD396251D6A9AC0001CA85D /* New(新帖) */ = {
			isa = PBXGroup;
			children = (
				1CD396261D6A9AC0001CA85D /* Controller */,
				1CD396271D6A9AC0001CA85D /* Model */,
				1CD396281D6A9AC0001CA85D /* View */,
			);
			path = "New(新帖)";
			sourceTree = "<group>";
		};
		1CD396261D6A9AC0001CA85D /* Controller */ = {
			isa = PBXGroup;
			children = (
			);
			path = Controller;
			sourceTree = "<group>";
		};
		1CD396271D6A9AC0001CA85D /* Model */ = {
			isa = PBXGroup;
			children = (
			);
			path = Model;
			sourceTree = "<group>";
		};
		1CD396281D6A9AC0001CA85D /* View */ = {
			isa = PBXGroup;
			children = (
			);
			path = View;
			sourceTree = "<group>";
		};
		805832CF4FFC47D25E1A1080 /* Pods */ = {
			isa = PBXGroup;
			children = (
				FF1CBAE2FC1719DF957EE960 /* Pods-MyWeiboJingXuan.debug.xcconfig */,
				4A708664E684576AA6816641 /* Pods-MyWeiboJingXuan.release.xcconfig */,
			);
			name = Pods;
			sourceTree = "<group>";
		};
		F074C43E100CA8EAD5DBCFEE /* Frameworks */ = {
			isa = PBXGroup;
			children = (
				09116F71ED4491A0CC054CC9 /* libPods-MyWeiboJingXuan.a */,
			);
			name = Frameworks;
			sourceTree = "<group>";
		};
/* End PBXGroup section */

/* Begin PBXNativeTarget section */
		1CD395CE1D6A97DB001CA85D /* MyWeiboJingXuan */ = {
			isa = PBXNativeTarget;
			buildConfigurationList = 1CD395FC1D6A97DC001CA85D /* Build configuration list for PBXNativeTarget "MyWeiboJingXuan" */;
			buildPhases = (
				B6F2C517E207E44286D7A536 /* [CP] Check Pods Manifest.lock */,
				1CD395CB1D6A97DB001CA85D /* Sources */,
				1CD395CC1D6A97DB001CA85D /* Frameworks */,
				1CD395CD1D6A97DB001CA85D /* Resources */,
				A78E81EFB0F86D545A61DC1D /* [CP] Embed Pods Frameworks */,
				BCBD0ACA5A6B37001C97256C /* [CP] Copy Pods Resources */,
			);
			buildRules = (
			);
			dependencies = (
			);
			name = MyWeiboJingXuan;
			productName = MyWeiboJingXuan;
			productReference = 1CD395CF1D6A97DB001CA85D /* MyWeiboJingXuan.app */;
			productType = "com.apple.product-type.application";
		};
		1CD395E71D6A97DC001CA85D /* MyWeiboJingXuanTests */ = {
			isa = PBXNativeTarget;
			buildConfigurationList = 1CD395FF1D6A97DC001CA85D /* Build configuration list for PBXNativeTarget "MyWeiboJingXuanTests" */;
			buildPhases = (
				1CD395E41D6A97DC001CA85D /* Sources */,
				1CD395E51D6A97DC001CA85D /* Frameworks */,
				1CD395E61D6A97DC001CA85D /* Resources */,
			);
			buildRules = (
			);
			dependencies = (
				1CD395EA1D6A97DC001CA85D /* PBXTargetDependency */,
			);
			name = MyWeiboJingXuanTests;
			productName = MyWeiboJingXuanTests;
			productReference = 1CD395E81D6A97DC001CA85D /* MyWeiboJingXuanTests.xctest */;
			productType = "com.apple.product-type.bundle.unit-test";
		};
		1CD395F21D6A97DC001CA85D /* MyWeiboJingXuanUITests */ = {
			isa = PBXNativeTarget;
			buildConfigurationList = 1CD396021D6A97DC001CA85D /* Build configuration list for PBXNativeTarget "MyWeiboJingXuanUITests" */;
			buildPhases = (
				1CD395EF1D6A97DC001CA85D /* Sources */,
				1CD395F01D6A97DC001CA85D /* Frameworks */,
				1CD395F11D6A97DC001CA85D /* Resources */,
			);
			buildRules = (
			);
			dependencies = (
				1CD395F51D6A97DC001CA85D /* PBXTargetDependency */,
			);
			name = MyWeiboJingXuanUITests;
			productName = MyWeiboJingXuanUITests;
			productReference = 1CD395F31D6A97DC001CA85D /* MyWeiboJingXuanUITests.xctest */;
			productType = "com.apple.product-type.bundle.ui-testing";
		};
/* End PBXNativeTarget section */

/* Begin PBXProject section */
		1CD395C71D6A97DB001CA85D /* Project object */ = {
			isa = PBXProject;
			attributes = {
				LastUpgradeCheck = 0730;
				ORGANIZATIONNAME = bruceyuan;
				TargetAttributes = {
					1CD395CE1D6A97DB001CA85D = {
						CreatedOnToolsVersion = 7.3;
						DevelopmentTeam = T868H8UY96;
					};
					1CD395E71D6A97DC001CA85D = {
						CreatedOnToolsVersion = 7.3;
						TestTargetID = 1CD395CE1D6A97DB001CA85D;
					};
					1CD395F21D6A97DC001CA85D = {
						CreatedOnToolsVersion = 7.3;
						TestTargetID = 1CD395CE1D6A97DB001CA85D;
					};
				};
			};
			buildConfigurationList = 1CD395CA1D6A97DB001CA85D /* Build configuration list for PBXProject "MyWeiboJingXuan" */;
			compatibilityVersion = "Xcode 3.2";
			developmentRegion = English;
			hasScannedForEncodings = 0;
			knownRegions = (
				en,
				Base,
			);
			mainGroup = 1CD395C61D6A97DB001CA85D;
			productRefGroup = 1CD395D01D6A97DB001CA85D /* Products */;
			projectDirPath = "";
			projectRoot = "";
			targets = (
				1CD395CE1D6A97DB001CA85D /* MyWeiboJingXuan */,
				1CD395E71D6A97DC001CA85D /* MyWeiboJingXuanTests */,
				1CD395F21D6A97DC001CA85D /* MyWeiboJingXuanUITests */,
			);
		};
/* End PBXProject section */

/* Begin PBXResourcesBuildPhase section */
		1CD395CD1D6A97DB001CA85D /* Resources */ = {
			isa = PBXResourcesBuildPhase;
			buildActionMask = 2147483647;
			files = (
				1CD395DF1D6A97DC001CA85D /* Assets.xcassets in Resources */,
			);
			runOnlyForDeploymentPostprocessing = 0;
		};
		1CD395E61D6A97DC001CA85D /* Resources */ = {
			isa = PBXResourcesBuildPhase;
			buildActionMask = 2147483647;
			files = (
			);
			runOnlyForDeploymentPostprocessing = 0;
		};
		1CD395F11D6A97DC001CA85D /* Resources */ = {
			isa = PBXResourcesBuildPhase;
			buildActionMask = 2147483647;
			files = (
			);
			runOnlyForDeploymentPostprocessing = 0;
		};
/* End PBXResourcesBuildPhase section */

/* Begin PBXShellScriptBuildPhase section */
		A78E81EFB0F86D545A61DC1D /* [CP] Embed Pods Frameworks */ = {
			isa = PBXShellScriptBuildPhase;
			buildActionMask = 2147483647;
			files = (
			);
			inputPaths = (
			);
			name = "[CP] Embed Pods Frameworks";
			outputPaths = (
			);
			runOnlyForDeploymentPostprocessing = 0;
			shellPath = /bin/sh;
			shellScript = "\"${SRCROOT}/Pods/Target Support Files/Pods-MyWeiboJingXuan/Pods-MyWeiboJingXuan-frameworks.sh\"\n";
			showEnvVarsInLog = 0;
		};
		B6F2C517E207E44286D7A536 /* [CP] Check Pods Manifest.lock */ = {
			isa = PBXShellScriptBuildPhase;
			buildActionMask = 2147483647;
			files = (
			);
			inputPaths = (
			);
			name = "[CP] Check Pods Manifest.lock";
			outputPaths = (
			);
			runOnlyForDeploymentPostprocessing = 0;
			shellPath = /bin/sh;
			shellScript = "diff \"${PODS_ROOT}/../Podfile.lock\" \"${PODS_ROOT}/Manifest.lock\" > /dev/null\nif [[ $? != 0 ]] ; then\n    cat << EOM\nerror: The sandbox is not in sync with the Podfile.lock. Run 'pod install' or update your CocoaPods installation.\nEOM\n    exit 1\nfi\n";
			showEnvVarsInLog = 0;
		};
		BCBD0ACA5A6B37001C97256C /* [CP] Copy Pods Resources */ = {
			isa = PBXShellScriptBuildPhase;
			buildActionMask = 2147483647;
			files = (
			);
			inputPaths = (
			);
			name = "[CP] Copy Pods Resources";
			outputPaths = (
			);
			runOnlyForDeploymentPostprocessing = 0;
			shellPath = /bin/sh;
			shellScript = "\"${SRCROOT}/Pods/Target Support Files/Pods-MyWeiboJingXuan/Pods-MyWeiboJingXuan-resources.sh\"\n";
			showEnvVarsInLog = 0;
		};
/* End PBXShellScriptBuildPhase section */

/* Begin PBXSourcesBuildPhase section */
		1CD395CB1D6A97DB001CA85D /* Sources */ = {
			isa = PBXSourcesBuildPhase;
			buildActionMask = 2147483647;
			files = (
				1CD3962A1D6A9AC0001CA85D /* main.m in Sources */,
				1CD396291D6A9AC0001CA85D /* AppDelegate.m in Sources */,
			);
			runOnlyForDeploymentPostprocessing = 0;
		};
		1CD395E41D6A97DC001CA85D /* Sources */ = {
			isa = PBXSourcesBuildPhase;
			buildActionMask = 2147483647;
			files = (
				1CD395ED1D6A97DC001CA85D /* MyWeiboJingXuanTests.m in Sources */,
			);
			runOnlyForDeploymentPostprocessing = 0;
		};
		1CD395EF1D6A97DC001CA85D /* Sources */ = {
			isa = PBXSourcesBuildPhase;
			buildActionMask = 2147483647;
			files = (
				1CD395F81D6A97DC001CA85D /* MyWeiboJingXuanUITests.m in Sources */,
			);
			runOnlyForDeploymentPostprocessing = 0;
		};
/* End PBXSourcesBuildPhase section */

/* Begin PBXTargetDependency section */
		1CD395EA1D6A97DC001CA85D /* PBXTargetDependency */ = {
			isa = PBXTargetDependency;
			target = 1CD395CE1D6A97DB001CA85D /* MyWeiboJingXuan */;
			targetProxy = 1CD395E91D6A97DC001CA85D /* PBXContainerItemProxy */;
		};
		1CD395F51D6A97DC001CA85D /* PBXTargetDependency */ = {
			isa = PBXTargetDependency;
			target = 1CD395CE1D6A97DB001CA85D /* MyWeiboJingXuan */;
			targetProxy = 1CD395F41D6A97DC001CA85D /* PBXContainerItemProxy */;
		};
/* End PBXTargetDependency section */

/* Begin XCBuildConfiguration section */
		1CD395FA1D6A97DC001CA85D /* Debug */ = {
			isa = XCBuildConfiguration;
			buildSettings = {
				ALWAYS_SEARCH_USER_PATHS = NO;
				CLANG_ANALYZER_NONNULL = YES;
				CLANG_CXX_LANGUAGE_STANDARD = "gnu++0x";
				CLANG_CXX_LIBRARY = "libc++";
				CLANG_ENABLE_MODULES = YES;
				CLANG_ENABLE_OBJC_ARC = YES;
				CLANG_WARN_BOOL_CONVERSION = YES;
				CLANG_WARN_CONSTANT_CONVERSION = YES;
				CLANG_WARN_DIRECT_OBJC_ISA_USAGE = YES_ERROR;
				CLANG_WARN_EMPTY_BODY = YES;
				CLANG_WARN_ENUM_CONVERSION = YES;
				CLANG_WARN_INT_CONVERSION = YES;
				CLANG_WARN_OBJC_ROOT_CLASS = YES_ERROR;
				CLANG_WARN_UNREACHABLE_CODE = YES;
				CLANG_WARN__DUPLICATE_METHOD_MATCH = YES;
				"CODE_SIGN_IDENTITY[sdk=iphoneos*]" = "iPhone Developer";
				COPY_PHASE_STRIP = NO;
				DEBUG_INFORMATION_FORMAT = dwarf;
				ENABLE_STRICT_OBJC_MSGSEND = YES;
				ENABLE_TESTABILITY = YES;
				GCC_C_LANGUAGE_STANDARD = gnu99;
				GCC_DYNAMIC_NO_PIC = NO;
				GCC_NO_COMMON_BLOCKS = YES;
				GCC_OPTIMIZATION_LEVEL = 0;
				GCC_PREPROCESSOR_DEFINITIONS = (
					"DEBUG=1",
					"$(inherited)",
				);
				GCC_WARN_64_TO_32_BIT_CONVERSION = YES;
				GCC_WARN_ABOUT_RETURN_TYPE = YES_ERROR;
				GCC_WARN_UNDECLARED_SELECTOR = YES;
				GCC_WARN_UNINITIALIZED_AUTOS = YES_AGGRESSIVE;
				GCC_WARN_UNUSED_FUNCTION = YES;
				GCC_WARN_UNUSED_VARIABLE = YES;
				IPHONEOS_DEPLOYMENT_TARGET = 9.3;
				MTL_ENABLE_DEBUG_INFO = YES;
				ONLY_ACTIVE_ARCH = YES;
				SDKROOT = iphoneos;
			};
			name = Debug;
		};
		1CD395FB1D6A97DC001CA85D /* Release */ = {
			isa = XCBuildConfiguration;
			buildSettings = {
				ALWAYS_SEARCH_USER_PATHS = NO;
				CLANG_ANALYZER_NONNULL = YES;
				CLANG_CXX_LANGUAGE_STANDARD = "gnu++0x";
				CLANG_CXX_LIBRARY = "libc++";
				CLANG_ENABLE_MODULES = YES;
				CLANG_ENABLE_OBJC_ARC = YES;
				CLANG_WARN_BOOL_CONVERSION = YES;
				CLANG_WARN_CONSTANT_CONVERSION = YES;
				CLANG_WARN_DIRECT_OBJC_ISA_USAGE = YES_ERROR;
				CLANG_WARN_EMPTY_BODY = YES;
				CLANG_WARN_ENUM_CONVERSION = YES;
				CLANG_WARN_INT_CONVERSION = YES;
				CLANG_WARN_OBJC_ROOT_CLASS = YES_ERROR;
				CLANG_WARN_UNREACHABLE_CODE = YES;
				CLANG_WARN__DUPLICATE_METHOD_MATCH = YES;
				"CODE_SIGN_IDENTITY[sdk=iphoneos*]" = "iPhone Developer";
				COPY_PHASE_STRIP = NO;
				DEBUG_INFORMATION_FORMAT = "dwarf-with-dsym";
				ENABLE_NS_ASSERTIONS = NO;
				ENABLE_STRICT_OBJC_MSGSEND = YES;
				GCC_C_LANGUAGE_STANDARD = gnu99;
				GCC_NO_COMMON_BLOCKS = YES;
				GCC_WARN_64_TO_32_BIT_CONVERSION = YES;
				GCC_WARN_ABOUT_RETURN_TYPE = YES_ERROR;
				GCC_WARN_UNDECLARED_SELECTOR = YES;
				GCC_WARN_UNINITIALIZED_AUTOS = YES_AGGRESSIVE;
				GCC_WARN_UNUSED_FUNCTION = YES;
				GCC_WARN_UNUSED_VARIABLE = YES;
				IPHONEOS_DEPLOYMENT_TARGET = 9.3;
				MTL_ENABLE_DEBUG_INFO = NO;
				SDKROOT = iphoneos;
				VALIDATE_PRODUCT = YES;
			};
			name = Release;
		};
		1CD395FD1D6A97DC001CA85D /* Debug */ = {
			isa = XCBuildConfiguration;
			baseConfigurationReference = FF1CBAE2FC1719DF957EE960 /* Pods-MyWeiboJingXuan.debug.xcconfig */;
			buildSettings = {
				ASSETCATALOG_COMPILER_APPICON_NAME = AppIcon;
				CODE_SIGN_IDENTITY = "iPhone Developer";
				"CODE_SIGN_IDENTITY[sdk=iphoneos*]" = "iPhone Developer";
				INFOPLIST_FILE = MyWeiboJingXuan/Info.plist;
				IPHONEOS_DEPLOYMENT_TARGET = 8.0;
				LD_RUNPATH_SEARCH_PATHS = "$(inherited) @executable_path/Frameworks";
				PRODUCT_BUNDLE_IDENTIFIER = com.bruceyuan.MyWeiboJingXuan;
				PRODUCT_NAME = "$(TARGET_NAME)";
				PROVISIONING_PROFILE = "";
			};
			name = Debug;
		};
		1CD395FE1D6A97DC001CA85D /* Release */ = {
			isa = XCBuildConfiguration;
			baseConfigurationReference = 4A708664E684576AA6816641 /* Pods-MyWeiboJingXuan.release.xcconfig */;
			buildSettings = {
				ASSETCATALOG_COMPILER_APPICON_NAME = AppIcon;
				CODE_SIGN_IDENTITY = "iPhone Developer";
				"CODE_SIGN_IDENTITY[sdk=iphoneos*]" = "iPhone Developer";
				INFOPLIST_FILE = MyWeiboJingXuan/Info.plist;
				IPHONEOS_DEPLOYMENT_TARGET = 8.0;
				LD_RUNPATH_SEARCH_PATHS = "$(inherited) @executable_path/Frameworks";
				PRODUCT_BUNDLE_IDENTIFIER = com.bruceyuan.MyWeiboJingXuan;
				PRODUCT_NAME = "$(TARGET_NAME)";
				PROVISIONING_PROFILE = "";
			};
			name = Release;
		};
		1CD396001D6A97DC001CA85D /* Debug */ = {
			isa = XCBuildConfiguration;
			buildSettings = {
				BUNDLE_LOADER = "$(TEST_HOST)";
				INFOPLIST_FILE = MyWeiboJingXuanTests/Info.plist;
				LD_RUNPATH_SEARCH_PATHS = "$(inherited) @executable_path/Frameworks @loader_path/Frameworks";
				PRODUCT_BUNDLE_IDENTIFIER = com.bruceyuan.MyWeiboJingXuanTests;
				PRODUCT_NAME = "$(TARGET_NAME)";
				TEST_HOST = "$(BUILT_PRODUCTS_DIR)/MyWeiboJingXuan.app/MyWeiboJingXuan";
			};
			name = Debug;
		};
		1CD396011D6A97DC001CA85D /* Release */ = {
			isa = XCBuildConfiguration;
			buildSettings = {
				BUNDLE_LOADER = "$(TEST_HOST)";
				INFOPLIST_FILE = MyWeiboJingXuanTests/Info.plist;
				LD_RUNPATH_SEARCH_PATHS = "$(inherited) @executable_path/Frameworks @loader_path/Frameworks";
				PRODUCT_BUNDLE_IDENTIFIER = com.bruceyuan.MyWeiboJingXuanTests;
				PRODUCT_NAME = "$(TARGET_NAME)";
				TEST_HOST = "$(BUILT_PRODUCTS_DIR)/MyWeiboJingXuan.app/MyWeiboJingXuan";
			};
			name = Release;
		};
		1CD396031D6A97DC001CA85D /* Debug */ = {
			isa = XCBuildConfiguration;
			buildSettings = {
				INFOPLIST_FILE = MyWeiboJingXuanUITests/Info.plist;
				LD_RUNPATH_SEARCH_PATHS = "$(inherited) @executable_path/Frameworks @loader_path/Frameworks";
				PRODUCT_BUNDLE_IDENTIFIER = com.bruceyuan.MyWeiboJingXuanUITests;
				PRODUCT_NAME = "$(TARGET_NAME)";
				TEST_TARGET_NAME = MyWeiboJingXuan;
			};
			name = Debug;
		};
		1CD396041D6A97DC001CA85D /* Release */ = {
			isa = XCBuildConfiguration;
			buildSettings = {
				INFOPLIST_FILE = MyWeiboJingXuanUITests/Info.plist;
				LD_RUNPATH_SEARCH_PATHS = "$(inherited) @executable_path/Frameworks @loader_path/Frameworks";
				PRODUCT_BUNDLE_IDENTIFIER = com.bruceyuan.MyWeiboJingXuanUITests;
				PRODUCT_NAME = "$(TARGET_NAME)";
				TEST_TARGET_NAME = MyWeiboJingXuan;
			};
			name = Release;
		};
/* End XCBuildConfiguration section */

/* Begin XCConfigurationList section */
		1CD395CA1D6A97DB001CA85D /* Build configuration list for PBXProject "MyWeiboJingXuan" */ = {
			isa = XCConfigurationList;
			buildConfigurations = (
				1CD395FA1D6A97DC001CA85D /* Debug */,
				1CD395FB1D6A97DC001CA85D /* Release */,
			);
			defaultConfigurationIsVisible = 0;
			defaultConfigurationName = Release;
		};
		1CD395FC1D6A97DC001CA85D /* Build configuration list for PBXNativeTarget "MyWeiboJingXuan" */ = {
			isa = XCConfigurationList;
			buildConfigurations = (
				1CD395FD1D6A97DC001CA85D /* Debug */,
				1CD395FE1D6A97DC001CA85D /* Release */,
			);
			defaultConfigurationIsVisible = 0;
			defaultConfigurationName = Release;
		};
		1CD395FF1D6A97DC001CA85D /* Build configuration list for PBXNativeTarget "MyWeiboJingXuanTests" */ = {
			isa = XCConfigurationList;
			buildConfigurations = (
				1CD396001D6A97DC001CA85D /* Debug */,
				1CD396011D6A97DC001CA85D /* Release */,
			);
			defaultConfigurationIsVisible = 0;
			defaultConfigurationName = Release;
		};
		1CD396021D6A97DC001CA85D /* Build configuration list for PBXNativeTarget "MyWeiboJingXuanUITests" */ = {
			isa = XCConfigurationList;
			buildConfigurations = (
				1CD396031D6A97DC001CA85D /* Debug */,
				1CD396041D6A97DC001CA85D /* Release */,
			);
			defaultConfigurationIsVisible = 0;
			defaultConfigurationName = Release;
		};
/* End XCConfigurationList section */
	};
	rootObject = 1CD395C71D6A97DB001CA85D /* Project object */;
}
